{
  "name": "@advanced-rest-client/variables-evaluator",
  "version": "4.0.1",
  "lockfileVersion": 1,
  "requires": true,
  "dependencies": {
    "@advanced-rest-client/events-target-mixin": {
      "version": "3.2.3",
      "resolved": "https://registry.npmjs.org/@advanced-rest-client/events-target-mixin/-/events-target-mixin-3.2.3.tgz",
      "integrity": "sha512-rXdou8ZqOhtb8BEp5YFJXi1i3xugIuH3k154mdcuObkd5LR/HEHdACKKaYyGe7ATmaBy5mzvr7l4WZFpiTigNg==",
      "requires": {
        "@open-wc/dedupe-mixin": "^1.2.18"
      }
    },
    "@open-wc/dedupe-mixin": {
      "version": "1.3.0",
      "resolved": "https://registry.npmjs.org/@open-wc/dedupe-mixin/-/dedupe-mixin-1.3.0.tgz",
      "integrity": "sha512-UfdK1MPnR6T7f3svzzYBfu3qBkkZ/KsPhcpc3JYhsUY4hbpwNF9wEQtD4Z+/mRqMTJrKg++YSxIxE0FBhY3RIw=="
    },
    "@types/jexl": {
      "version": "2.2.0",
      "resolved": "https://registry.npmjs.org/@types/jexl/-/jexl-2.2.0.tgz",
      "integrity": "sha512-btcq6HoxgBeKEAWAgee45C9eO4F7ayWHi3pQK6NpEPYtfo8b4J13QkxcfWN4ck8QDTlnDRQJxMP4Ceb/4ncO7Q=="
    },
    "lit-element": {
      "version": "2.4.0",
      "resolved": "https://registry.npmjs.org/lit-element/-/lit-element-2.4.0.tgz",
      "integrity": "sha512-pBGLglxyhq/Prk2H91nA0KByq/hx/wssJBQFiYqXhGDvEnY31PRGYf1RglVzyLeRysu0IHm2K0P196uLLWmwFg==",
      "requires": {
        "lit-html": "^1.1.1"
      }
    },
    "lit-html": {
      "version": "1.3.0",
      "resolved": "https://registry.npmjs.org/lit-html/-/lit-html-1.3.0.tgz",
      "integrity": "sha512-0Q1bwmaFH9O14vycPHw8C/IeHMk/uSDldVLIefu/kfbTBGIc44KGH6A8p1bDfxUfHdc8q6Ct7kQklWoHgr4t1Q=="
    }
  }
}
